// !$*UTF8*$!
{
	archiveVersion = 1;
	classes = {
	};
	objectVersion = 46;
	objects = {

/* Begin PBXBuildFile section */
		47222D8F155CAF04002A5790 /* DaisyGreenView.m in Sources */ = {isa = PBXBuildFile; fileRef = 47222D8E155CAF04002A5790 /* DaisyGreenView.m */; };
		47222D96155CB444002A5790 /* ProgramView.m in Sources */ = {isa = PBXBuildFile; fileRef = 47222D95155CB444002A5790 /* ProgramView.m */; };
		47222D98155CB61D002A5790 /* daisy-bg.jpg in Resources */ = {isa = PBXBuildFile; fileRef = 47222D97155CB61D002A5790 /* daisy-bg.jpg */; };
		47222D9B155CB8DA002A5790 /* play-active.png in Resources */ = {isa = PBXBuildFile; fileRef = 47222D99155CB8D9002A5790 /* play-active.png */; };
		47222D9C155CB8DA002A5790 /* play.png in Resources */ = {isa = PBXBuildFile; fileRef = 47222D9A155CB8D9002A5790 /* play.png */; };
		47222DB4155CBBC0002A5790 /* 1.png in Resources */ = {isa = PBXBuildFile; fileRef = 47222D9F155CBBC0002A5790 /* 1.png */; };
		47222DB5155CBBC0002A5790 /* 2.png in Resources */ = {isa = PBXBuildFile; fileRef = 47222DA0155CBBC0002A5790 /* 2.png */; };
		47222DB6155CBBC0002A5790 /* 3.png in Resources */ = {isa = PBXBuildFile; fileRef = 47222DA1155CBBC0002A5790 /* 3.png */; };
		47222DB7155CBBC0002A5790 /* 4.png in Resources */ = {isa = PBXBuildFile; fileRef = 47222DA2155CBBC0002A5790 /* 4.png */; };
		47222DB8155CBBC0002A5790 /* 5.png in Resources */ = {isa = PBXBuildFile; fileRef = 47222DA3155CBBC0002A5790 /* 5.png */; };
		47222DB9155CBBC0002A5790 /* 6.png in Resources */ = {isa = PBXBuildFile; fileRef = 47222DA4155CBBC0002A5790 /* 6.png */; };
		47222DBA155CBBC0002A5790 /* 7.png in Resources */ = {isa = PBXBuildFile; fileRef = 47222DA5155CBBC0002A5790 /* 7.png */; };
		47222DBB155CBBC0002A5790 /* 8.png in Resources */ = {isa = PBXBuildFile; fileRef = 47222DA6155CBBC0002A5790 /* 8.png */; };
		47222DBC155CBBC0002A5790 /* 9.png in Resources */ = {isa = PBXBuildFile; fileRef = 47222DA7155CBBC0002A5790 /* 9.png */; };
		47222DBD155CBBC0002A5790 /* 10.png in Resources */ = {isa = PBXBuildFile; fileRef = 47222DA8155CBBC0002A5790 /* 10.png */; };
		47222DBE155CBBC0002A5790 /* back.png in Resources */ = {isa = PBXBuildFile; fileRef = 47222DA9155CBBC0002A5790 /* back.png */; };
		47222DBF155CBBC0002A5790 /* front.png in Resources */ = {isa = PBXBuildFile; fileRef = 47222DAA155CBBC0002A5790 /* front.png */; };
		47222DC0155CBBC0002A5790 /* l1.png in Resources */ = {isa = PBXBuildFile; fileRef = 47222DAB155CBBC0002A5790 /* l1.png */; };
		47222DC1155CBBC0002A5790 /* l2.png in Resources */ = {isa = PBXBuildFile; fileRef = 47222DAC155CBBC0002A5790 /* l2.png */; };
		47222DC2155CBBC0002A5790 /* l3.png in Resources */ = {isa = PBXBuildFile; fileRef = 47222DAD155CBBC0002A5790 /* l3.png */; };
		47222DC3155CBBC0002A5790 /* l4.png in Resources */ = {isa = PBXBuildFile; fileRef = 47222DAE155CBBC0002A5790 /* l4.png */; };
		47222DC4155CBBC0002A5790 /* l5.png in Resources */ = {isa = PBXBuildFile; fileRef = 47222DAF155CBBC0002A5790 /* l5.png */; };
		47222DC5155CBBC0002A5790 /* l6.png in Resources */ = {isa = PBXBuildFile; fileRef = 47222DB0155CBBC0002A5790 /* l6.png */; };
		47222DC6155CBBC0002A5790 /* l7.png in Resources */ = {isa = PBXBuildFile; fileRef = 47222DB1155CBBC0002A5790 /* l7.png */; };
		47222DC7155CBBC0002A5790 /* l8.png in Resources */ = {isa = PBXBuildFile; fileRef = 47222DB2155CBBC0002A5790 /* l8.png */; };
		47222DC8155CBBC0002A5790 /* l9.png in Resources */ = {isa = PBXBuildFile; fileRef = 47222DB3155CBBC0002A5790 /* l9.png */; };
		4791AC4D15572E3400A7A897 /* UIKit.framework in Frameworks */ = {isa = PBXBuildFile; fileRef = 4791AC4C15572E3400A7A897 /* UIKit.framework */; };
		4791AC4F15572E3400A7A897 /* Foundation.framework in Frameworks */ = {isa = PBXBuildFile; fileRef = 4791AC4E15572E3400A7A897 /* Foundation.framework */; };
		4791AC5115572E3400A7A897 /* CoreGraphics.framework in Frameworks */ = {isa = PBXBuildFile; fileRef = 4791AC5015572E3400A7A897 /* CoreGraphics.framework */; };
		4791AC5715572E3400A7A897 /* InfoPlist.strings in Resources */ = {isa = PBXBuildFile; fileRef = 4791AC5515572E3400A7A897 /* InfoPlist.strings */; };
		4791AC5915572E3400A7A897 /* main.m in Sources */ = {isa = PBXBuildFile; fileRef = 4791AC5815572E3400A7A897 /* main.m */; };
		4791AC5D15572E3400A7A897 /* AppDelegate.m in Sources */ = {isa = PBXBuildFile; fileRef = 4791AC5C15572E3400A7A897 /* AppDelegate.m */; };
		4791AC6015572E3400A7A897 /* MainStoryboard.storyboard in Resources */ = {isa = PBXBuildFile; fileRef = 4791AC5E15572E3400A7A897 /* MainStoryboard.storyboard */; };
		4791AC6315572E3400A7A897 /* ViewController.m in Sources */ = {isa = PBXBuildFile; fileRef = 4791AC6215572E3400A7A897 /* ViewController.m */; };
		4791AC6A15572EB200A7A897 /* icon-72.png in Resources */ = {isa = PBXBuildFile; fileRef = 4791AC6915572EB200A7A897 /* icon-72.png */; };
		4791AC6C1557302400A7A897 /* retina-icon.png in Resources */ = {isa = PBXBuildFile; fileRef = 4791AC6B1557302400A7A897 /* retina-icon.png */; };
		4791AC6E155730F200A7A897 /* Default-Landscape@2x~ipad.png in Resources */ = {isa = PBXBuildFile; fileRef = 4791AC6D155730F200A7A897 /* Default-Landscape@2x~ipad.png */; };
		4791AC701557311C00A7A897 /* Default-Landscape~ipad.png in Resources */ = {isa = PBXBuildFile; fileRef = 4791AC6F1557311C00A7A897 /* Default-Landscape~ipad.png */; };
		4791AC741557512000A7A897 /* challenge_icon.jpg in Resources */ = {isa = PBXBuildFile; fileRef = 4791AC711557512000A7A897 /* challenge_icon.jpg */; };
		4791AC751557512000A7A897 /* daisy_splash_menu.jpg in Resources */ = {isa = PBXBuildFile; fileRef = 4791AC721557512000A7A897 /* daisy_splash_menu.jpg */; };
		4791AC761557512000A7A897 /* freeplay_icon.jpg in Resources */ = {isa = PBXBuildFile; fileRef = 4791AC731557512000A7A897 /* freeplay_icon.jpg */; };
		4791AC7C1557529F00A7A897 /* FreeplayViewController.m in Sources */ = {isa = PBXBuildFile; fileRef = 4791AC7B1557529F00A7A897 /* FreeplayViewController.m */; };
		4791AC8E15586C2C00A7A897 /* control_icon.png in Resources */ = {isa = PBXBuildFile; fileRef = 4791AC8C15586C2C00A7A897 /* control_icon.png */; };
		4791AC8F15586C2C00A7A897 /* method_icon.png in Resources */ = {isa = PBXBuildFile; fileRef = 4791AC8D15586C2C00A7A897 /* method_icon.png */; };
		4791AC9B15588FD900A7A897 /* UIColor+daisy.m in Sources */ = {isa = PBXBuildFile; fileRef = 4791AC9A15588FD900A7A897 /* UIColor+daisy.m */; };
		4791AC9D155893CC00A7A897 /* Museo_Slab_500.otf in Resources */ = {isa = PBXBuildFile; fileRef = 4791AC9C155893CC00A7A897 /* Museo_Slab_500.otf */; };
/* End PBXBuildFile section */

/* Begin PBXFileReference section */
		47222D8D155CAF04002A5790 /* DaisyGreenView.h */ = {isa = PBXFileReference; fileEncoding = 4; path = DaisyGreenView.h; sourceTree = "<group>"; };
		47222D8E155CAF04002A5790 /* DaisyGreenView.m */ = {isa = PBXFileReference; fileEncoding = 4; lastKnownFileType = sourcecode.c.objc; path = DaisyGreenView.m; sourceTree = "<group>"; };
		47222D94155CB444002A5790 /* ProgramView.h */ = {isa = PBXFileReference; fileEncoding = 4; lastKnownFileType = sourcecode.c.h; path = ProgramView.h; sourceTree = "<group>"; };
		47222D95155CB444002A5790 /* ProgramView.m */ = {isa = PBXFileReference; fileEncoding = 4; lastKnownFileType = sourcecode.c.objc; path = ProgramView.m; sourceTree = "<group>"; };
		47222D97155CB61D002A5790 /* daisy-bg.jpg */ = {isa = PBXFileReference; lastKnownFileType = image.jpeg; path = "daisy-bg.jpg"; sourceTree = "<group>"; };
		47222D99155CB8D9002A5790 /* play-active.png */ = {isa = PBXFileReference; lastKnownFileType = image.png; path = "play-active.png"; sourceTree = "<group>"; };
		47222D9A155CB8D9002A5790 /* play.png */ = {isa = PBXFileReference; lastKnownFileType = image.png; path = play.png; sourceTree = "<group>"; };
		47222D9F155CBBC0002A5790 /* 1.png */ = {isa = PBXFileReference; lastKnownFileType = image.png; path = 1.png; sourceTree = "<group>"; };
		47222DA0155CBBC0002A5790 /* 2.png */ = {isa = PBXFileReference; lastKnownFileType = image.png; path = 2.png; sourceTree = "<group>"; };
		47222DA1155CBBC0002A5790 /* 3.png */ = {isa = PBXFileReference; lastKnownFileType = image.png; path = 3.png; sourceTree = "<group>"; };
		47222DA2155CBBC0002A5790 /* 4.png */ = {isa = PBXFileReference; lastKnownFileType = image.png; path = 4.png; sourceTree = "<group>"; };
		47222DA3155CBBC0002A5790 /* 5.png */ = {isa = PBXFileReference; lastKnownFileType = image.png; path = 5.png; sourceTree = "<group>"; };
		47222DA4155CBBC0002A5790 /* 6.png */ = {isa = PBXFileReference; lastKnownFileType = image.png; path = 6.png; sourceTree = "<group>"; };
		47222DA5155CBBC0002A5790 /* 7.png */ = {isa = PBXFileReference; lastKnownFileType = image.png; path = 7.png; sourceTree = "<group>"; };
		47222DA6155CBBC0002A5790 /* 8.png */ = {isa = PBXFileReference; lastKnownFileType = image.png; path = 8.png; sourceTree = "<group>"; };
		47222DA7155CBBC0002A5790 /* 9.png */ = {isa = PBXFileReference; lastKnownFileType = image.png; path = 9.png; sourceTree = "<group>"; };
		47222DA8155CBBC0002A5790 /* 10.png */ = {isa = PBXFileReference; lastKnownFileType = image.png; path = 10.png; sourceTree = "<group>"; };
		47222DA9155CBBC0002A5790 /* back.png */ = {isa = PBXFileReference; lastKnownFileType = image.png; path = back.png; sourceTree = "<group>"; };
		47222DAA155CBBC0002A5790 /* front.png */ = {isa = PBXFileReference; lastKnownFileType = image.png; path = front.png; sourceTree = "<group>"; };
		47222DAB155CBBC0002A5790 /* l1.png */ = {isa = PBXFileReference; lastKnownFileType = image.png; path = l1.png; sourceTree = "<group>"; };
		47222DAC155CBBC0002A5790 /* l2.png */ = {isa = PBXFileReference; lastKnownFileType = image.png; path = l2.png; sourceTree = "<group>"; };
		47222DAD155CBBC0002A5790 /* l3.png */ = {isa = PBXFileReference; lastKnownFileType = image.png; path = l3.png; sourceTree = "<group>"; };
		47222DAE155CBBC0002A5790 /* l4.png */ = {isa = PBXFileReference; lastKnownFileType = image.png; path = l4.png; sourceTree = "<group>"; };
		47222DAF155CBBC0002A5790 /* l5.png */ = {isa = PBXFileReference; lastKnownFileType = image.png; path = l5.png; sourceTree = "<group>"; };
		47222DB0155CBBC0002A5790 /* l6.png */ = {isa = PBXFileReference; lastKnownFileType = image.png; path = l6.png; sourceTree = "<group>"; };
		47222DB1155CBBC0002A5790 /* l7.png */ = {isa = PBXFileReference; lastKnownFileType = image.png; path = l7.png; sourceTree = "<group>"; };
		47222DB2155CBBC0002A5790 /* l8.png */ = {isa = PBXFileReference; lastKnownFileType = image.png; path = l8.png; sourceTree = "<group>"; };
		47222DB3155CBBC0002A5790 /* l9.png */ = {isa = PBXFileReference; lastKnownFileType = image.png; path = l9.png; sourceTree = "<group>"; };
		4791AC4815572E3400A7A897 /* DaisyTheDinosaur.app */ = {isa = PBXFileReference; explicitFileType = wrapper.application; includeInIndex = 0; path = DaisyTheDinosaur.app; sourceTree = BUILT_PRODUCTS_DIR; };
		4791AC4C15572E3400A7A897 /* UIKit.framework */ = {isa = PBXFileReference; lastKnownFileType = wrapper.framework; name = UIKit.framework; path = System/Library/Frameworks/UIKit.framework; sourceTree = SDKROOT; };
		4791AC4E15572E3400A7A897 /* Foundation.framework */ = {isa = PBXFileReference; lastKnownFileType = wrapper.framework; name = Foundation.framework; path = System/Library/Frameworks/Foundation.framework; sourceTree = SDKROOT; };
		4791AC5015572E3400A7A897 /* CoreGraphics.framework */ = {isa = PBXFileReference; lastKnownFileType = wrapper.framework; name = CoreGraphics.framework; path = System/Library/Frameworks/CoreGraphics.framework; sourceTree = SDKROOT; };
		4791AC5415572E3400A7A897 /* DaisyTheDinosaur-Info.plist */ = {isa = PBXFileReference; lastKnownFileType = text.plist.xml; path = "DaisyTheDinosaur-Info.plist"; sourceTree = "<group>"; };
		4791AC5615572E3400A7A897 /* en */ = {isa = PBXFileReference; lastKnownFileType = text.plist.strings; name = en; path = en.lproj/InfoPlist.strings; sourceTree = "<group>"; };
		4791AC5815572E3400A7A897 /* main.m */ = {isa = PBXFileReference; lastKnownFileType = sourcecode.c.objc; path = main.m; sourceTree = "<group>"; };
		4791AC5A15572E3400A7A897 /* DaisyTheDinosaur-Prefix.pch */ = {isa = PBXFileReference; lastKnownFileType = sourcecode.c.h; path = "DaisyTheDinosaur-Prefix.pch"; sourceTree = "<group>"; };
		4791AC5B15572E3400A7A897 /* AppDelegate.h */ = {isa = PBXFileReference; lastKnownFileType = sourcecode.c.h; path = AppDelegate.h; sourceTree = "<group>"; };
		4791AC5C15572E3400A7A897 /* AppDelegate.m */ = {isa = PBXFileReference; lastKnownFileType = sourcecode.c.objc; path = AppDelegate.m; sourceTree = "<group>"; };
		4791AC5F15572E3400A7A897 /* en */ = {isa = PBXFileReference; lastKnownFileType = file.storyboard; name = en; path = en.lproj/MainStoryboard.storyboard; sourceTree = "<group>"; };
		4791AC6115572E3400A7A897 /* ViewController.h */ = {isa = PBXFileReference; lastKnownFileType = sourcecode.c.h; path = ViewController.h; sourceTree = "<group>"; };
		4791AC6215572E3400A7A897 /* ViewController.m */ = {isa = PBXFileReference; lastKnownFileType = sourcecode.c.objc; path = ViewController.m; sourceTree = "<group>"; };
		4791AC6915572EB200A7A897 /* icon-72.png */ = {isa = PBXFileReference; lastKnownFileType = image.png; path = "icon-72.png"; sourceTree = "<group>"; };
		4791AC6B1557302400A7A897 /* retina-icon.png */ = {isa = PBXFileReference; lastKnownFileType = image.png; path = "retina-icon.png"; sourceTree = "<group>"; };
		4791AC6D155730F200A7A897 /* Default-Landscape@2x~ipad.png */ = {isa = PBXFileReference; lastKnownFileType = image.png; path = "Default-Landscape@2x~ipad.png"; sourceTree = "<group>"; };
		4791AC6F1557311C00A7A897 /* Default-Landscape~ipad.png */ = {isa = PBXFileReference; lastKnownFileType = image.png; path = "Default-Landscape~ipad.png"; sourceTree = "<group>"; };
		4791AC711557512000A7A897 /* challenge_icon.jpg */ = {isa = PBXFileReference; lastKnownFileType = image.jpeg; path = challenge_icon.jpg; sourceTree = "<group>"; };
		4791AC721557512000A7A897 /* daisy_splash_menu.jpg */ = {isa = PBXFileReference; lastKnownFileType = image.jpeg; path = daisy_splash_menu.jpg; sourceTree = "<group>"; };
		4791AC731557512000A7A897 /* freeplay_icon.jpg */ = {isa = PBXFileReference; lastKnownFileType = image.jpeg; path = freeplay_icon.jpg; sourceTree = "<group>"; };
		4791AC7A1557529F00A7A897 /* FreeplayViewController.h */ = {isa = PBXFileReference; fileEncoding = 4; lastKnownFileType = sourcecode.c.h; path = FreeplayViewController.h; sourceTree = "<group>"; };
		4791AC7B1557529F00A7A897 /* FreeplayViewController.m */ = {isa = PBXFileReference; fileEncoding = 4; lastKnownFileType = sourcecode.c.objc; path = FreeplayViewController.m; sourceTree = "<group>"; };
		4791AC8C15586C2C00A7A897 /* control_icon.png */ = {isa = PBXFileReference; lastKnownFileType = image.png; path = control_icon.png; sourceTree = "<group>"; };
		4791AC8D15586C2C00A7A897 /* method_icon.png */ = {isa = PBXFileReference; lastKnownFileType = image.png; path = method_icon.png; sourceTree = "<group>"; };
		4791AC9915588FD800A7A897 /* UIColor+daisy.h */ = {isa = PBXFileReference; fileEncoding = 4; lastKnownFileType = sourcecode.c.h; path = "UIColor+daisy.h"; sourceTree = "<group>"; };
		4791AC9A15588FD900A7A897 /* UIColor+daisy.m */ = {isa = PBXFileReference; fileEncoding = 4; lastKnownFileType = sourcecode.c.objc; path = "UIColor+daisy.m"; sourceTree = "<group>"; };
		4791AC9C155893CC00A7A897 /* Museo_Slab_500.otf */ = {isa = PBXFileReference; lastKnownFileType = file; path = Museo_Slab_500.otf; sourceTree = "<group>"; };
/* End PBXFileReference section */

/* Begin PBXFrameworksBuildPhase section */
		4791AC4515572E3400A7A897 /* Frameworks */ = {
			isa = PBXFrameworksBuildPhase;
			buildActionMask = 2147483647;
			files = (
				4791AC4D15572E3400A7A897 /* UIKit.framework in Frameworks */,
				4791AC4F15572E3400A7A897 /* Foundation.framework in Frameworks */,
				4791AC5115572E3400A7A897 /* CoreGraphics.framework in Frameworks */,
			);
			runOnlyForDeploymentPostprocessing = 0;
		};
/* End PBXFrameworksBuildPhase section */

/* Begin PBXGroup section */
		47222D9D155CBB9C002A5790 /* Images */ = {
			isa = PBXGroup;
			children = (
				4791AC711557512000A7A897 /* challenge_icon.jpg */,
				4791AC8C15586C2C00A7A897 /* control_icon.png */,
				47222D97155CB61D002A5790 /* daisy-bg.jpg */,
				47222D99155CB8D9002A5790 /* play-active.png */,
				47222D9A155CB8D9002A5790 /* play.png */,
				4791AC8D15586C2C00A7A897 /* method_icon.png */,
				4791AC721557512000A7A897 /* daisy_splash_menu.jpg */,
				47222DC9155CBBCE002A5790 /* Daisy_Large */,
				4791AC731557512000A7A897 /* freeplay_icon.jpg */,
				47222D9E155CBBB6002A5790 /* Daisy */,
			);
			name = Images;
			sourceTree = "<group>";
		};
		47222D9E155CBBB6002A5790 /* Daisy */ = {
			isa = PBXGroup;
			children = (
				47222D9F155CBBC0002A5790 /* 1.png */,
				47222DA0155CBBC0002A5790 /* 2.png */,
				47222DA1155CBBC0002A5790 /* 3.png */,
				47222DA2155CBBC0002A5790 /* 4.png */,
				47222DA3155CBBC0002A5790 /* 5.png */,
				47222DA4155CBBC0002A5790 /* 6.png */,
				47222DA5155CBBC0002A5790 /* 7.png */,
				47222DA6155CBBC0002A5790 /* 8.png */,
				47222DA7155CBBC0002A5790 /* 9.png */,
				47222DA8155CBBC0002A5790 /* 10.png */,
				47222DA9155CBBC0002A5790 /* back.png */,
				47222DAA155CBBC0002A5790 /* front.png */,
				47222DAB155CBBC0002A5790 /* l1.png */,
				47222DAC155CBBC0002A5790 /* l2.png */,
				47222DAD155CBBC0002A5790 /* l3.png */,
				47222DAE155CBBC0002A5790 /* l4.png */,
				47222DAF155CBBC0002A5790 /* l5.png */,
				47222DB0155CBBC0002A5790 /* l6.png */,
				47222DB1155CBBC0002A5790 /* l7.png */,
				47222DB2155CBBC0002A5790 /* l8.png */,
				47222DB3155CBBC0002A5790 /* l9.png */,
			);
			name = Daisy;
			sourceTree = "<group>";
		};
		47222DC9155CBBCE002A5790 /* Daisy_Large */ = {
			isa = PBXGroup;
			children = (
			);
			name = Daisy_Large;
			sourceTree = "<group>";
		};
		4791AC3D15572E3300A7A897 = {
			isa = PBXGroup;
			children = (
				4791AC6F1557311C00A7A897 /* Default-Landscape~ipad.png */,
				4791AC6D155730F200A7A897 /* Default-Landscape@2x~ipad.png */,
				4791AC6B1557302400A7A897 /* retina-icon.png */,
				4791AC6915572EB200A7A897 /* icon-72.png */,
				4791AC5215572E3400A7A897 /* DaisyTheDinosaur */,
				4791AC4B15572E3400A7A897 /* Frameworks */,
				4791AC4915572E3400A7A897 /* Products */,
			);
			sourceTree = "<group>";
		};
		4791AC4915572E3400A7A897 /* Products */ = {
			isa = PBXGroup;
			children = (
				4791AC4815572E3400A7A897 /* DaisyTheDinosaur.app */,
			);
			name = Products;
			sourceTree = "<group>";
		};
		4791AC4B15572E3400A7A897 /* Frameworks */ = {
			isa = PBXGroup;
			children = (
				4791AC4C15572E3400A7A897 /* UIKit.framework */,
				4791AC4E15572E3400A7A897 /* Foundation.framework */,
				4791AC5015572E3400A7A897 /* CoreGraphics.framework */,
			);
			name = Frameworks;
			sourceTree = "<group>";
		};
		4791AC5215572E3400A7A897 /* DaisyTheDinosaur */ = {
			isa = PBXGroup;
			children = (
				47222D94155CB444002A5790 /* ProgramView.h */,
				47222D95155CB444002A5790 /* ProgramView.m */,
				4791AC7A1557529F00A7A897 /* FreeplayViewController.h */,
				4791AC7B1557529F00A7A897 /* FreeplayViewController.m */,
				4791AC5B15572E3400A7A897 /* AppDelegate.h */,
				4791AC5C15572E3400A7A897 /* AppDelegate.m */,
				47222D9D155CBB9C002A5790 /* Images */,
				4791AC5E15572E3400A7A897 /* MainStoryboard.storyboard */,
				47222D8D155CAF04002A5790 /* DaisyGreenView.h */,
				47222D8E155CAF04002A5790 /* DaisyGreenView.m */,
				4791AC6115572E3400A7A897 /* ViewController.h */,
				4791AC6215572E3400A7A897 /* ViewController.m */,
				4791AC5315572E3400A7A897 /* Supporting Files */,
			);
			path = DaisyTheDinosaur;
			sourceTree = "<group>";
		};
		4791AC5315572E3400A7A897 /* Supporting Files */ = {
			isa = PBXGroup;
			children = (
				4791AC9915588FD800A7A897 /* UIColor+daisy.h */,
				4791AC9C155893CC00A7A897 /* Museo_Slab_500.otf */,
				4791AC9A15588FD900A7A897 /* UIColor+daisy.m */,
				4791AC5415572E3400A7A897 /* DaisyTheDinosaur-Info.plist */,
				4791AC5515572E3400A7A897 /* InfoPlist.strings */,
				4791AC5815572E3400A7A897 /* main.m */,
				4791AC5A15572E3400A7A897 /* DaisyTheDinosaur-Prefix.pch */,
			);
			name = "Supporting Files";
			sourceTree = "<group>";
		};
/* End PBXGroup section */

/* Begin PBXNativeTarget section */
		4791AC4715572E3400A7A897 /* DaisyTheDinosaur */ = {
			isa = PBXNativeTarget;
			buildConfigurationList = 4791AC6615572E3400A7A897 /* Build configuration list for PBXNativeTarget "DaisyTheDinosaur" */;
			buildPhases = (
				4791AC4415572E3400A7A897 /* Sources */,
				4791AC4515572E3400A7A897 /* Frameworks */,
				4791AC4615572E3400A7A897 /* Resources */,
			);
			buildRules = (
			);
			dependencies = (
			);
			name = DaisyTheDinosaur;
			productName = DaisyTheDinosaur;
			productReference = 4791AC4815572E3400A7A897 /* DaisyTheDinosaur.app */;
			productType = "com.apple.product-type.application";
		};
/* End PBXNativeTarget section */

/* Begin PBXProject section */
		4791AC3F15572E3300A7A897 /* Project object */ = {
			isa = PBXProject;
			attributes = {
				LastUpgradeCheck = 0430;
			};
			buildConfigurationList = 4791AC4215572E3300A7A897 /* Build configuration list for PBXProject "DaisyTheDinosaur" */;
			compatibilityVersion = "Xcode 3.2";
			developmentRegion = English;
			hasScannedForEncodings = 0;
			knownRegions = (
				en,
			);
			mainGroup = 4791AC3D15572E3300A7A897;
			productRefGroup = 4791AC4915572E3400A7A897 /* Products */;
			projectDirPath = "";
			projectRoot = "";
			targets = (
				4791AC4715572E3400A7A897 /* DaisyTheDinosaur */,
			);
		};
/* End PBXProject section */

/* Begin PBXResourcesBuildPhase section */
		4791AC4615572E3400A7A897 /* Resources */ = {
			isa = PBXResourcesBuildPhase;
			buildActionMask = 2147483647;
			files = (
				4791AC5715572E3400A7A897 /* InfoPlist.strings in Resources */,
				4791AC6015572E3400A7A897 /* MainStoryboard.storyboard in Resources */,
				4791AC6A15572EB200A7A897 /* icon-72.png in Resources */,
				4791AC6C1557302400A7A897 /* retina-icon.png in Resources */,
				4791AC6E155730F200A7A897 /* Default-Landscape@2x~ipad.png in Resources */,
				4791AC701557311C00A7A897 /* Default-Landscape~ipad.png in Resources */,
				4791AC741557512000A7A897 /* challenge_icon.jpg in Resources */,
				4791AC751557512000A7A897 /* daisy_splash_menu.jpg in Resources */,
				4791AC761557512000A7A897 /* freeplay_icon.jpg in Resources */,
				4791AC8E15586C2C00A7A897 /* control_icon.png in Resources */,
				4791AC8F15586C2C00A7A897 /* method_icon.png in Resources */,
				4791AC9D155893CC00A7A897 /* Museo_Slab_500.otf in Resources */,
				47222D98155CB61D002A5790 /* daisy-bg.jpg in Resources */,
				47222D9B155CB8DA002A5790 /* play-active.png in Resources */,
				47222D9C155CB8DA002A5790 /* play.png in Resources */,
				47222DB4155CBBC0002A5790 /* 1.png in Resources */,
				47222DB5155CBBC0002A5790 /* 2.png in Resources */,
				47222DB6155CBBC0002A5790 /* 3.png in Resources */,
				47222DB7155CBBC0002A5790 /* 4.png in Resources */,
				47222DB8155CBBC0002A5790 /* 5.png in Resources */,
				47222DB9155CBBC0002A5790 /* 6.png in Resources */,
				47222DBA155CBBC0002A5790 /* 7.png in Resources */,
				47222DBB155CBBC0002A5790 /* 8.png in Resources */,
				47222DBC155CBBC0002A5790 /* 9.png in Resources */,
				47222DBD155CBBC0002A5790 /* 10.png in Resources */,
				47222DBE155CBBC0002A5790 /* back.png in Resources */,
				47222DBF155CBBC0002A5790 /* front.png in Resources */,
				47222DC0155CBBC0002A5790 /* l1.png in Resources */,
				47222DC1155CBBC0002A5790 /* l2.png in Resources */,
				47222DC2155CBBC0002A5790 /* l3.png in Resources */,
				47222DC3155CBBC0002A5790 /* l4.png in Resources */,
				47222DC4155CBBC0002A5790 /* l5.png in Resources */,
				47222DC5155CBBC0002A5790 /* l6.png in Resources */,
				47222DC6155CBBC0002A5790 /* l7.png in Resources */,
				47222DC7155CBBC0002A5790 /* l8.png in Resources */,
				47222DC8155CBBC0002A5790 /* l9.png in Resources */,
			);
			runOnlyForDeploymentPostprocessing = 0;
		};
/* End PBXResourcesBuildPhase section */

/* Begin PBXSourcesBuildPhase section */
		4791AC4415572E3400A7A897 /* Sources */ = {
			isa = PBXSourcesBuildPhase;
			buildActionMask = 2147483647;
			files = (
				4791AC5915572E3400A7A897 /* main.m in Sources */,
				4791AC5D15572E3400A7A897 /* AppDelegate.m in Sources */,
				4791AC6315572E3400A7A897 /* ViewController.m in Sources */,
				4791AC7C1557529F00A7A897 /* FreeplayViewController.m in Sources */,
				4791AC9B15588FD900A7A897 /* UIColor+daisy.m in Sources */,
				47222D8F155CAF04002A5790 /* DaisyGreenView.m in Sources */,
				47222D96155CB444002A5790 /* ProgramView.m in Sources */,
			);
			runOnlyForDeploymentPostprocessing = 0;
		};
/* End PBXSourcesBuildPhase section */

/* Begin PBXVariantGroup section */
		4791AC5515572E3400A7A897 /* InfoPlist.strings */ = {
			isa = PBXVariantGroup;
			children = (
				4791AC5615572E3400A7A897 /* en */,
			);
			name = InfoPlist.strings;
			sourceTree = "<group>";
		};
		4791AC5E15572E3400A7A897 /* MainStoryboard.storyboard */ = {
			isa = PBXVariantGroup;
			children = (
				4791AC5F15572E3400A7A897 /* en */,
			);
			name = MainStoryboard.storyboard;
			sourceTree = "<group>";
		};
/* End PBXVariantGroup section */

/* Begin XCBuildConfiguration section */
		4791AC6415572E3400A7A897 /* Debug */ = {
			isa = XCBuildConfiguration;
			buildSettings = {
				ALWAYS_SEARCH_USER_PATHS = NO;
				ARCHS = "$(ARCHS_STANDARD_32_BIT)";
				CLANG_ENABLE_OBJC_ARC = YES;
				"CODE_SIGN_IDENTITY[sdk=iphoneos*]" = "iPhone Developer";
				COPY_PHASE_STRIP = NO;
				GCC_C_LANGUAGE_STANDARD = gnu99;
				GCC_DYNAMIC_NO_PIC = NO;
				GCC_OPTIMIZATION_LEVEL = 0;
				GCC_PREPROCESSOR_DEFINITIONS = (
					"DEBUG=1",
					"$(inherited)",
				);
				GCC_SYMBOLS_PRIVATE_EXTERN = NO;
				GCC_VERSION = com.apple.compilers.llvm.clang.1_0;
				GCC_WARN_ABOUT_RETURN_TYPE = YES;
				GCC_WARN_UNINITIALIZED_AUTOS = YES;
				GCC_WARN_UNUSED_VARIABLE = YES;
				IPHONEOS_DEPLOYMENT_TARGET = 5.1;
				SDKROOT = iphoneos;
				TARGETED_DEVICE_FAMILY = 2;
			};
			name = Debug;
		};
		4791AC6515572E3400A7A897 /* Release */ = {
			isa = XCBuildConfiguration;
			buildSettings = {
				ALWAYS_SEARCH_USER_PATHS = NO;
				ARCHS = "$(ARCHS_STANDARD_32_BIT)";
				CLANG_ENABLE_OBJC_ARC = YES;
				"CODE_SIGN_IDENTITY[sdk=iphoneos*]" = "iPhone Developer";
				COPY_PHASE_STRIP = YES;
				GCC_C_LANGUAGE_STANDARD = gnu99;
				GCC_VERSION = com.apple.compilers.llvm.clang.1_0;
				GCC_WARN_ABOUT_RETURN_TYPE = YES;
				GCC_WARN_UNINITIALIZED_AUTOS = YES;
				GCC_WARN_UNUSED_VARIABLE = YES;
				IPHONEOS_DEPLOYMENT_TARGET = 5.1;
				OTHER_CFLAGS = "-DNS_BLOCK_ASSERTIONS=1";
				SDKROOT = iphoneos;
				TARGETED_DEVICE_FAMILY = 2;
				VALIDATE_PRODUCT = YES;
			};
			name = Release;
		};
		4791AC6715572E3400A7A897 /* Debug */ = {
			isa = XCBuildConfiguration;
			buildSettings = {
				GCC_PRECOMPILE_PREFIX_HEADER = YES;
				GCC_PREFIX_HEADER = "DaisyTheDinosaur/DaisyTheDinosaur-Prefix.pch";
				INFOPLIST_FILE = "DaisyTheDinosaur/DaisyTheDinosaur-Info.plist";
				PRODUCT_NAME = "$(TARGET_NAME)";
				WRAPPER_EXTENSION = app;
			};
			name = Debug;
		};
		4791AC6815572E3400A7A897 /* Release */ = {
			isa = XCBuildConfiguration;
			buildSettings = {
				GCC_PRECOMPILE_PREFIX_HEADER = YES;
				GCC_PREFIX_HEADER = "DaisyTheDinosaur/DaisyTheDinosaur-Prefix.pch";
				INFOPLIST_FILE = "DaisyTheDinosaur/DaisyTheDinosaur-Info.plist";
				PRODUCT_NAME = "$(TARGET_NAME)";
				WRAPPER_EXTENSION = app;
			};
			name = Release;
		};
/* End XCBuildConfiguration section */

/* Begin XCConfigurationList section */
		4791AC4215572E3300A7A897 /* Build configuration list for PBXProject "DaisyTheDinosaur" */ = {
			isa = XCConfigurationList;
			buildConfigurations = (
				4791AC6415572E3400A7A897 /* Debug */,
				4791AC6515572E3400A7A897 /* Release */,
			);
			defaultConfigurationIsVisible = 0;
			defaultConfigurationName = Release;
		};
		4791AC6615572E3400A7A897 /* Build configuration list for PBXNativeTarget "DaisyTheDinosaur" */ = {
			isa = XCConfigurationList;
			buildConfigurations = (
				4791AC6715572E3400A7A897 /* Debug */,
				4791AC6815572E3400A7A897 /* Release */,
			);
			defaultConfigurationIsVisible = 0;
			defaultConfigurationName = Release;
		};
/* End XCConfigurationList section */
	};
	rootObject = 4791AC3F15572E3300A7A897 /* Project object */;
}
